
Microsoft Visual Studio Solution File, Format Version 12.00
# Visual Studio Version 17
VisualStudioVersion = 17.4.33213.308
MinimumVisualStudioVersion = 10.0.40219.1
Project("{FAE04EC0-301F-11D3-BF4B-00C04F79EFBC}") = "LibRelacionesdeObjetos", "LibRelacionesdeObjetos\LibRelacionesdeObjetos.csproj", "{2EA9DB3F-57CA-466F-A937-971B958BE21D}"
EndProject
Global
	GlobalSection(SolutionConfigurationPlatforms) = preSolution
		Debug|Any CPU = Debug|Any CPU
		Release|Any CPU = Release|Any CPU
	EndGlobalSection
	GlobalSection(ProjectConfigurationPlatforms) = postSolution
		{2EA9DB3F-57CA-466F-A937-971B958BE21D}.Debug|Any CPU.ActiveCfg = Debug|Any CPU
		{2EA9DB3F-57CA-466F-A937-971B958BE21D}.Debug|Any CPU.Build.0 = Debug|Any CPU
		{2EA9DB3F-57CA-466F-A937-971B958BE21D}.Release|Any CPU.ActiveCfg = Release|Any CPU
		{2EA9DB3F-57CA-466F-A937-971B958BE21D}.Release|Any CPU.Build.0 = Release|Any CPU
	EndGlobalSection
	GlobalSection(SolutionProperties) = preSolution
		HideSolutionNode = FALSE
	EndGlobalSection
	GlobalSection(ExtensibilityGlobals) = postSolution
		SolutionGuid = {F7709891-16AE-41A0-9E7A-7BAB04EB7D2A}
	EndGlobalSection
EndGlobal
